
Microsoft Visual Studio Solution File, Format Version 12.00
# Visual Studio Version 17
VisualStudioVersion = 17.0.32014.148
MinimumVisualStudioVersion = 10.0.40219.1
Project("{FAE04EC0-301F-11D3-BF4B-00C04F79EFBC}") = "Research in array", "Research in array\Research in array.csproj", "{AF724695-6740-4F01-8D52-B2B6673FF63D}"
EndProject
Global
	GlobalSection(SolutionConfigurationPlatforms) = preSolution
		Debug|Any CPU = Debug|Any CPU
		Release|Any CPU = Release|Any CPU
	EndGlobalSection
	GlobalSection(ProjectConfigurationPlatforms) = postSolution
		{AF724695-6740-4F01-8D52-B2B6673FF63D}.Debug|Any CPU.ActiveCfg = Debug|Any CPU
		{AF724695-6740-4F01-8D52-B2B6673FF63D}.Debug|Any CPU.Build.0 = Debug|Any CPU
		{AF724695-6740-4F01-8D52-B2B6673FF63D}.Release|Any CPU.ActiveCfg = Release|Any CPU
		{AF724695-6740-4F01-8D52-B2B6673FF63D}.Release|Any CPU.Build.0 = Release|Any CPU
	EndGlobalSection
	GlobalSection(SolutionProperties) = preSolution
		HideSolutionNode = FALSE
	EndGlobalSection
	GlobalSection(ExtensibilityGlobals) = postSolution
		SolutionGuid = {59CA878B-6174-4A98-818C-425E9DB5EA86}
	EndGlobalSection
EndGlobal
