
Microsoft Visual Studio Solution File, Format Version 12.00
# Visual Studio Version 17
VisualStudioVersion = 17.0.32014.148
MinimumVisualStudioVersion = 10.0.40219.1
Project("{FAE04EC0-301F-11D3-BF4B-00C04F79EFBC}") = "Assignment week 2", "Assignment week 2\Assignment week 2.csproj", "{53BDFA5B-2416-45EB-B03D-E63254D6C49E}"
EndProject
Global
	GlobalSection(SolutionConfigurationPlatforms) = preSolution
		Debug|Any CPU = Debug|Any CPU
		Release|Any CPU = Release|Any CPU
	EndGlobalSection
	GlobalSection(ProjectConfigurationPlatforms) = postSolution
		{53BDFA5B-2416-45EB-B03D-E63254D6C49E}.Debug|Any CPU.ActiveCfg = Debug|Any CPU
		{53BDFA5B-2416-45EB-B03D-E63254D6C49E}.Debug|Any CPU.Build.0 = Debug|Any CPU
		{53BDFA5B-2416-45EB-B03D-E63254D6C49E}.Release|Any CPU.ActiveCfg = Release|Any CPU
		{53BDFA5B-2416-45EB-B03D-E63254D6C49E}.Release|Any CPU.Build.0 = Release|Any CPU
	EndGlobalSection
	GlobalSection(SolutionProperties) = preSolution
		HideSolutionNode = FALSE
	EndGlobalSection
	GlobalSection(ExtensibilityGlobals) = postSolution
		SolutionGuid = {9E17D8A0-5CA2-4EA9-AB49-0A8888F14FC1}
	EndGlobalSection
EndGlobal
