
Microsoft Visual Studio Solution File, Format Version 12.00
# Visual Studio Version 17
VisualStudioVersion = 17.0.32014.148
MinimumVisualStudioVersion = 10.0.40219.1
Project("{FAE04EC0-301F-11D3-BF4B-00C04F79EFBC}") = "Buffer_Example", "Buffer_Example\Buffer_Example.csproj", "{A84CA7A9-B1B6-44AD-A841-25CB9609C0F7}"
EndProject
Global
	GlobalSection(SolutionConfigurationPlatforms) = preSolution
		Debug|Any CPU = Debug|Any CPU
		Release|Any CPU = Release|Any CPU
	EndGlobalSection
	GlobalSection(ProjectConfigurationPlatforms) = postSolution
		{A84CA7A9-B1B6-44AD-A841-25CB9609C0F7}.Debug|Any CPU.ActiveCfg = Debug|Any CPU
		{A84CA7A9-B1B6-44AD-A841-25CB9609C0F7}.Debug|Any CPU.Build.0 = Debug|Any CPU
		{A84CA7A9-B1B6-44AD-A841-25CB9609C0F7}.Release|Any CPU.ActiveCfg = Release|Any CPU
		{A84CA7A9-B1B6-44AD-A841-25CB9609C0F7}.Release|Any CPU.Build.0 = Release|Any CPU
	EndGlobalSection
	GlobalSection(SolutionProperties) = preSolution
		HideSolutionNode = FALSE
	EndGlobalSection
	GlobalSection(ExtensibilityGlobals) = postSolution
		SolutionGuid = {1B453634-4BB1-4A15-A6C3-2D114E7B2B7A}
	EndGlobalSection
EndGlobal
